// !$*UTF8*$!
{
	archiveVersion = 1;
	classes = {
	};
	objectVersion = 46;
	objects = {

/* Begin PBXBuildFile section */
		9C702C2D1BCC584B007197DA /* AppDelegate.swift in Sources */ = {isa = PBXBuildFile; fileRef = 9C702C2C1BCC584B007197DA /* AppDelegate.swift */; };
		9C702C2F1BCC584B007197DA /* FirstViewController.swift in Sources */ = {isa = PBXBuildFile; fileRef = 9C702C2E1BCC584B007197DA /* FirstViewController.swift */; };
		9C702C311BCC584B007197DA /* SecondViewController.swift in Sources */ = {isa = PBXBuildFile; fileRef = 9C702C301BCC584B007197DA /* SecondViewController.swift */; };
		9C702C341BCC584B007197DA /* Main.storyboard in Resources */ = {isa = PBXBuildFile; fileRef = 9C702C321BCC584B007197DA /* Main.storyboard */; };
		9C702C361BCC584B007197DA /* Assets.xcassets in Resources */ = {isa = PBXBuildFile; fileRef = 9C702C351BCC584B007197DA /* Assets.xcassets */; };
		9C702C391BCC584B007197DA /* LaunchScreen.storyboard in Resources */ = {isa = PBXBuildFile; fileRef = 9C702C371BCC584B007197DA /* LaunchScreen.storyboard */; };
/* End PBXBuildFile section */

/* Begin PBXFileReference section */
		9C702C291BCC584B007197DA /* To Do List.app */ = {isa = PBXFileReference; explicitFileType = wrapper.application; includeInIndex = 0; path = "To Do List.app"; sourceTree = BUILT_PRODUCTS_DIR; };
		9C702C2C1BCC584B007197DA /* AppDelegate.swift */ = {isa = PBXFileReference; lastKnownFileType = sourcecode.swift; path = AppDelegate.swift; sourceTree = "<group>"; };
		9C702C2E1BCC584B007197DA /* FirstViewController.swift */ = {isa = PBXFileReference; lastKnownFileType = sourcecode.swift; path = FirstViewController.swift; sourceTree = "<group>"; };
		9C702C301BCC584B007197DA /* SecondViewController.swift */ = {isa = PBXFileReference; lastKnownFileType = sourcecode.swift; path = SecondViewController.swift; sourceTree = "<group>"; };
		9C702C331BCC584B007197DA /* Base */ = {isa = PBXFileReference; lastKnownFileType = file.storyboard; name = Base; path = Base.lproj/Main.storyboard; sourceTree = "<group>"; };
		9C702C351BCC584B007197DA /* Assets.xcassets */ = {isa = PBXFileReference; lastKnownFileType = folder.assetcatalog; path = Assets.xcassets; sourceTree = "<group>"; };
		9C702C381BCC584B007197DA /* Base */ = {isa = PBXFileReference; lastKnownFileType = file.storyboard; name = Base; path = Base.lproj/LaunchScreen.storyboard; sourceTree = "<group>"; };
		9C702C3A1BCC584B007197DA /* Info.plist */ = {isa = PBXFileReference; lastKnownFileType = text.plist.xml; path = Info.plist; sourceTree = "<group>"; };
/* End PBXFileReference section */

/* Begin PBXFrameworksBuildPhase section */
		9C702C261BCC584B007197DA /* Frameworks */ = {
			isa = PBXFrameworksBuildPhase;
			buildActionMask = 2147483647;
			files = (
			);
			runOnlyForDeploymentPostprocessing = 0;
		};
/* End PBXFrameworksBuildPhase section */

/* Begin PBXGroup section */
		9C702C201BCC584B007197DA = {
			isa = PBXGroup;
			children = (
				9C702C2B1BCC584B007197DA /* To Do List */,
				9C702C2A1BCC584B007197DA /* Products */,
			);
			sourceTree = "<group>";
		};
		9C702C2A1BCC584B007197DA /* Products */ = {
			isa = PBXGroup;
			children = (
				9C702C291BCC584B007197DA /* To Do List.app */,
			);
			name = Products;
			sourceTree = "<group>";
		};
		9C702C2B1BCC584B007197DA /* To Do List */ = {
			isa = PBXGroup;
			children = (
				9C702C2C1BCC584B007197DA /* AppDelegate.swift */,
				9C702C2E1BCC584B007197DA /* FirstViewController.swift */,
				9C702C301BCC584B007197DA /* SecondViewController.swift */,
				9C702C321BCC584B007197DA /* Main.storyboard */,
				9C702C351BCC584B007197DA /* Assets.xcassets */,
				9C702C371BCC584B007197DA /* LaunchScreen.storyboard */,
				9C702C3A1BCC584B007197DA /* Info.plist */,
			);
			path = "To Do List";
			sourceTree = "<group>";
		};
/* End PBXGroup section */

/* Begin PBXNativeTarget section */
		9C702C281BCC584B007197DA /* To Do List */ = {
			isa = PBXNativeTarget;
			buildConfigurationList = 9C702C3D1BCC584B007197DA /* Build configuration list for PBXNativeTarget "To Do List" */;
			buildPhases = (
				9C702C251BCC584B007197DA /* Sources */,
				9C702C261BCC584B007197DA /* Frameworks */,
				9C702C271BCC584B007197DA /* Resources */,
			);
			buildRules = (
			);
			dependencies = (
			);
			name = "To Do List";
			productName = "To Do List";
			productReference = 9C702C291BCC584B007197DA /* To Do List.app */;
			productType = "com.apple.product-type.application";
		};
/* End PBXNativeTarget section */

/* Begin PBXProject section */
		9C702C211BCC584B007197DA /* Project object */ = {
			isa = PBXProject;
			attributes = {
				LastUpgradeCheck = 0700;
				ORGANIZATIONNAME = "Bella Voce Productions";
				TargetAttributes = {
					9C702C281BCC584B007197DA = {
						CreatedOnToolsVersion = 7.0.1;
						DevelopmentTeam = FEF46939Q9;
					};
				};
			};
			buildConfigurationList = 9C702C241BCC584B007197DA /* Build configuration list for PBXProject "To Do List" */;
			compatibilityVersion = "Xcode 3.2";
			developmentRegion = English;
			hasScannedForEncodings = 0;
			knownRegions = (
				en,
				Base,
			);
			mainGroup = 9C702C201BCC584B007197DA;
			productRefGroup = 9C702C2A1BCC584B007197DA /* Products */;
			projectDirPath = "";
			projectRoot = "";
			targets = (
				9C702C281BCC584B007197DA /* To Do List */,
			);
		};
/* End PBXProject section */

/* Begin PBXResourcesBuildPhase section */
		9C702C271BCC584B007197DA /* Resources */ = {
			isa = PBXResourcesBuildPhase;
			buildActionMask = 2147483647;
			files = (
				9C702C391BCC584B007197DA /* LaunchScreen.storyboard in Resources */,
				9C702C361BCC584B007197DA /* Assets.xcassets in Resources */,
				9C702C341BCC584B007197DA /* Main.storyboard in Resources */,
			);
			runOnlyForDeploymentPostprocessing = 0;
		};
/* End PBXResourcesBuildPhase section */

/* Begin PBXSourcesBuildPhase section */
		9C702C251BCC584B007197DA /* Sources */ = {
			isa = PBXSourcesBuildPhase;
			buildActionMask = 2147483647;
			files = (
				9C702C311BCC584B007197DA /* SecondViewController.swift in Sources */,
				9C702C2D1BCC584B007197DA /* AppDelegate.swift in Sources */,
				9C702C2F1BCC584B007197DA /* FirstViewController.swift in Sources */,
			);
			runOnlyForDeploymentPostprocessing = 0;
		};
/* End PBXSourcesBuildPhase section */

/* Begin PBXVariantGroup section */
		9C702C321BCC584B007197DA /* Main.storyboard */ = {
			isa = PBXVariantGroup;
			children = (
				9C702C331BCC584B007197DA /* Base */,
			);
			name = Main.storyboard;
			sourceTree = "<group>";
		};
		9C702C371BCC584B007197DA /* LaunchScreen.storyboard */ = {
			isa = PBXVariantGroup;
			children = (
				9C702C381BCC584B007197DA /* Base */,
			);
			name = LaunchScreen.storyboard;
			sourceTree = "<group>";
		};
/* End PBXVariantGroup section */

/* Begin XCBuildConfiguration section */
		9C702C3B1BCC584B007197DA /* Debug */ = {
			isa = XCBuildConfiguration;
			buildSettings = {
				ALWAYS_SEARCH_USER_PATHS = NO;
				CLANG_CXX_LANGUAGE_STANDARD = "gnu++0x";
				CLANG_CXX_LIBRARY = "libc++";
				CLANG_ENABLE_MODULES = YES;
				CLANG_ENABLE_OBJC_ARC = YES;
				CLANG_WARN_BOOL_CONVERSION = YES;
				CLANG_WARN_CONSTANT_CONVERSION = YES;
				CLANG_WARN_DIRECT_OBJC_ISA_USAGE = YES_ERROR;
				CLANG_WARN_EMPTY_BODY = YES;
				CLANG_WARN_ENUM_CONVERSION = YES;
				CLANG_WARN_INT_CONVERSION = YES;
				CLANG_WARN_OBJC_ROOT_CLASS = YES_ERROR;
				CLANG_WARN_UNREACHABLE_CODE = YES;
				CLANG_WARN__DUPLICATE_METHOD_MATCH = YES;
				"CODE_SIGN_IDENTITY[sdk=iphoneos*]" = "iPhone Developer";
				COPY_PHASE_STRIP = NO;
				DEBUG_INFORMATION_FORMAT = dwarf;
				ENABLE_STRICT_OBJC_MSGSEND = YES;
				ENABLE_TESTABILITY = YES;
				GCC_C_LANGUAGE_STANDARD = gnu99;
				GCC_DYNAMIC_NO_PIC = NO;
				GCC_NO_COMMON_BLOCKS = YES;
				GCC_OPTIMIZATION_LEVEL = 0;
				GCC_PREPROCESSOR_DEFINITIONS = (
					"DEBUG=1",
					"$(inherited)",
				);
				GCC_WARN_64_TO_32_BIT_CONVERSION = YES;
				GCC_WARN_ABOUT_RETURN_TYPE = YES_ERROR;
				GCC_WARN_UNDECLARED_SELECTOR = YES;
				GCC_WARN_UNINITIALIZED_AUTOS = YES_AGGRESSIVE;
				GCC_WARN_UNUSED_FUNCTION = YES;
				GCC_WARN_UNUSED_VARIABLE = YES;
				IPHONEOS_DEPLOYMENT_TARGET = 9.0;
				MTL_ENABLE_DEBUG_INFO = YES;
				ONLY_ACTIVE_ARCH = YES;
				SDKROOT = iphoneos;
				SWIFT_OPTIMIZATION_LEVEL = "-Onone";
			};
			name = Debug;
		};
		9C702C3C1BCC584B007197DA /* Release */ = {
			isa = XCBuildConfiguration;
			buildSettings = {
				ALWAYS_SEARCH_USER_PATHS = NO;
				CLANG_CXX_LANGUAGE_STANDARD = "gnu++0x";
				CLANG_CXX_LIBRARY = "libc++";
				CLANG_ENABLE_MODULES = YES;
				CLANG_ENABLE_OBJC_ARC = YES;
				CLANG_WARN_BOOL_CONVERSION = YES;
				CLANG_WARN_CONSTANT_CONVERSION = YES;
				CLANG_WARN_DIRECT_OBJC_ISA_USAGE = YES_ERROR;
				CLANG_WARN_EMPTY_BODY = YES;
				CLANG_WARN_ENUM_CONVERSION = YES;
				CLANG_WARN_INT_CONVERSION = YES;
				CLANG_WARN_OBJC_ROOT_CLASS = YES_ERROR;
				CLANG_WARN_UNREACHABLE_CODE = YES;
				CLANG_WARN__DUPLICATE_METHOD_MATCH = YES;
				"CODE_SIGN_IDENTITY[sdk=iphoneos*]" = "iPhone Developer";
				COPY_PHASE_STRIP = NO;
				DEBUG_INFORMATION_FORMAT = "dwarf-with-dsym";
				ENABLE_NS_ASSERTIONS = NO;
				ENABLE_STRICT_OBJC_MSGSEND = YES;
				GCC_C_LANGUAGE_STANDARD = gnu99;
				GCC_NO_COMMON_BLOCKS = YES;
				GCC_WARN_64_TO_32_BIT_CONVERSION = YES;
				GCC_WARN_ABOUT_RETURN_TYPE = YES_ERROR;
				GCC_WARN_UNDECLARED_SELECTOR = YES;
				GCC_WARN_UNINITIALIZED_AUTOS = YES_AGGRESSIVE;
				GCC_WARN_UNUSED_FUNCTION = YES;
				GCC_WARN_UNUSED_VARIABLE = YES;
				IPHONEOS_DEPLOYMENT_TARGET = 9.0;
				MTL_ENABLE_DEBUG_INFO = NO;
				SDKROOT = iphoneos;
				VALIDATE_PRODUCT = YES;
			};
			name = Release;
		};
		9C702C3E1BCC584B007197DA /* Debug */ = {
			isa = XCBuildConfiguration;
			buildSettings = {
				ASSETCATALOG_COMPILER_APPICON_NAME = AppIcon;
				INFOPLIST_FILE = "To Do List/Info.plist";
				LD_RUNPATH_SEARCH_PATHS = "$(inherited) @executable_path/Frameworks";
				PRODUCT_BUNDLE_IDENTIFIER = "com.bellavoceproductions.To-Do-List";
				PRODUCT_NAME = "$(TARGET_NAME)";
			};
			name = Debug;
		};
		9C702C3F1BCC584B007197DA /* Release */ = {
			isa = XCBuildConfiguration;
			buildSettings = {
				ASSETCATALOG_COMPILER_APPICON_NAME = AppIcon;
				INFOPLIST_FILE = "To Do List/Info.plist";
				LD_RUNPATH_SEARCH_PATHS = "$(inherited) @executable_path/Frameworks";
				PRODUCT_BUNDLE_IDENTIFIER = "com.bellavoceproductions.To-Do-List";
				PRODUCT_NAME = "$(TARGET_NAME)";
			};
			name = Release;
		};
/* End XCBuildConfiguration section */

/* Begin XCConfigurationList section */
		9C702C241BCC584B007197DA /* Build configuration list for PBXProject "To Do List" */ = {
			isa = XCConfigurationList;
			buildConfigurations = (
				9C702C3B1BCC584B007197DA /* Debug */,
				9C702C3C1BCC584B007197DA /* Release */,
			);
			defaultConfigurationIsVisible = 0;
			defaultConfigurationName = Release;
		};
		9C702C3D1BCC584B007197DA /* Build configuration list for PBXNativeTarget "To Do List" */ = {
			isa = XCConfigurationList;
			buildConfigurations = (
				9C702C3E1BCC584B007197DA /* Debug */,
				9C702C3F1BCC584B007197DA /* Release */,
			);
			defaultConfigurationIsVisible = 0;
		};
/* End XCConfigurationList section */
	};
	rootObject = 9C702C211BCC584B007197DA /* Project object */;
}
